
Microsoft Visual Studio Solution File, Format Version 12.00
# Visual Studio Version 17
VisualStudioVersion = 17.14.37012.4
MinimumVisualStudioVersion = 10.0.40219.1
Project("{FAE04EC0-301F-11D3-BF4B-00C04F79EFBC}") = "PWA", "PWA.csproj", "{A58FDB85-9500-4217-9823-ABE2D2CD7B2D}"
EndProject
Global
	GlobalSection(SolutionConfigurationPlatforms) = preSolution
		Debug|Any CPU = Debug|Any CPU
		Release|Any CPU = Release|Any CPU
	EndGlobalSection
	GlobalSection(ProjectConfigurationPlatforms) = postSolution
		{A58FDB85-9500-4217-9823-ABE2D2CD7B2D}.Debug|Any CPU.ActiveCfg = Debug|Any CPU
		{A58FDB85-9500-4217-9823-ABE2D2CD7B2D}.Debug|Any CPU.Build.0 = Debug|Any CPU
		{A58FDB85-9500-4217-9823-ABE2D2CD7B2D}.Release|Any CPU.ActiveCfg = Release|Any CPU
		{A58FDB85-9500-4217-9823-ABE2D2CD7B2D}.Release|Any CPU.Build.0 = Release|Any CPU
	EndGlobalSection
	GlobalSection(SolutionProperties) = preSolution
		HideSolutionNode = FALSE
	EndGlobalSection
	GlobalSection(ExtensibilityGlobals) = postSolution
		SolutionGuid = {AF452694-C322-4630-99F2-5FC821B307C8}
	EndGlobalSection
EndGlobal
